// !$*UTF8*$!
{
	archiveVersion = 1;
	classes = {
	};
	objectVersion = 46;
	objects = {

/* Begin PBXBuildFile section */
		61E263C41F2A2BBC00BECCE2 /* main.m in Sources */ = {isa = PBXBuildFile; fileRef = 61E263C31F2A2BBC00BECCE2 /* main.m */; };
		61E263C71F2A2BBC00BECCE2 /* AppDelegate.m in Sources */ = {isa = PBXBuildFile; fileRef = 61E263C61F2A2BBC00BECCE2 /* AppDelegate.m */; };
		61E263CA1F2A2BBC00BECCE2 /* ViewController.m in Sources */ = {isa = PBXBuildFile; fileRef = 61E263C91F2A2BBC00BECCE2 /* ViewController.m */; };
		61E263CD1F2A2BBC00BECCE2 /* Main.storyboard in Resources */ = {isa = PBXBuildFile; fileRef = 61E263CB1F2A2BBC00BECCE2 /* Main.storyboard */; };
		61E263CF1F2A2BBC00BECCE2 /* Assets.xcassets in Resources */ = {isa = PBXBuildFile; fileRef = 61E263CE1F2A2BBC00BECCE2 /* Assets.xcassets */; };
		61E263D21F2A2BBC00BECCE2 /* LaunchScreen.storyboard in Resources */ = {isa = PBXBuildFile; fileRef = 61E263D01F2A2BBC00BECCE2 /* LaunchScreen.storyboard */; };
/* End PBXBuildFile section */

/* Begin PBXFileReference section */
		61E263BF1F2A2BBC00BECCE2 /* 01_Bubble.app */ = {isa = PBXFileReference; explicitFileType = wrapper.application; includeInIndex = 0; path = 01_Bubble.app; sourceTree = BUILT_PRODUCTS_DIR; };
		61E263C31F2A2BBC00BECCE2 /* main.m */ = {isa = PBXFileReference; lastKnownFileType = sourcecode.c.objc; path = main.m; sourceTree = "<group>"; };
		61E263C51F2A2BBC00BECCE2 /* AppDelegate.h */ = {isa = PBXFileReference; lastKnownFileType = sourcecode.c.h; path = AppDelegate.h; sourceTree = "<group>"; };
		61E263C61F2A2BBC00BECCE2 /* AppDelegate.m */ = {isa = PBXFileReference; lastKnownFileType = sourcecode.c.objc; path = AppDelegate.m; sourceTree = "<group>"; };
		61E263C81F2A2BBC00BECCE2 /* ViewController.h */ = {isa = PBXFileReference; lastKnownFileType = sourcecode.c.h; path = ViewController.h; sourceTree = "<group>"; };
		61E263C91F2A2BBC00BECCE2 /* ViewController.m */ = {isa = PBXFileReference; lastKnownFileType = sourcecode.c.objc; path = ViewController.m; sourceTree = "<group>"; };
		61E263CC1F2A2BBC00BECCE2 /* Base */ = {isa = PBXFileReference; lastKnownFileType = file.storyboard; name = Base; path = Base.lproj/Main.storyboard; sourceTree = "<group>"; };
		61E263CE1F2A2BBC00BECCE2 /* Assets.xcassets */ = {isa = PBXFileReference; lastKnownFileType = folder.assetcatalog; path = Assets.xcassets; sourceTree = "<group>"; };
		61E263D11F2A2BBC00BECCE2 /* Base */ = {isa = PBXFileReference; lastKnownFileType = file.storyboard; name = Base; path = Base.lproj/LaunchScreen.storyboard; sourceTree = "<group>"; };
		61E263D31F2A2BBC00BECCE2 /* Info.plist */ = {isa = PBXFileReference; lastKnownFileType = text.plist.xml; path = Info.plist; sourceTree = "<group>"; };
/* End PBXFileReference section */

/* Begin PBXFrameworksBuildPhase section */
		61E263BC1F2A2BBC00BECCE2 /* Frameworks */ = {
			isa = PBXFrameworksBuildPhase;
			buildActionMask = 2147483647;
			files = (
			);
			runOnlyForDeploymentPostprocessing = 0;
		};
/* End PBXFrameworksBuildPhase section */

/* Begin PBXGroup section */
		61E263B61F2A2BBC00BECCE2 = {
			isa = PBXGroup;
			children = (
				61E263C11F2A2BBC00BECCE2 /* 01_Bubble */,
				61E263C01F2A2BBC00BECCE2 /* Products */,
			);
			sourceTree = "<group>";
		};
		61E263C01F2A2BBC00BECCE2 /* Products */ = {
			isa = PBXGroup;
			children = (
				61E263BF1F2A2BBC00BECCE2 /* 01_Bubble.app */,
			);
			name = Products;
			sourceTree = "<group>";
		};
		61E263C11F2A2BBC00BECCE2 /* 01_Bubble */ = {
			isa = PBXGroup;
			children = (
				61E263C51F2A2BBC00BECCE2 /* AppDelegate.h */,
				61E263C61F2A2BBC00BECCE2 /* AppDelegate.m */,
				61E263C81F2A2BBC00BECCE2 /* ViewController.h */,
				61E263C91F2A2BBC00BECCE2 /* ViewController.m */,
				61E263CB1F2A2BBC00BECCE2 /* Main.storyboard */,
				61E263CE1F2A2BBC00BECCE2 /* Assets.xcassets */,
				61E263D01F2A2BBC00BECCE2 /* LaunchScreen.storyboard */,
				61E263D31F2A2BBC00BECCE2 /* Info.plist */,
				61E263C21F2A2BBC00BECCE2 /* Supporting Files */,
			);
			path = 01_Bubble;
			sourceTree = "<group>";
		};
		61E263C21F2A2BBC00BECCE2 /* Supporting Files */ = {
			isa = PBXGroup;
			children = (
				61E263C31F2A2BBC00BECCE2 /* main.m */,
			);
			name = "Supporting Files";
			sourceTree = "<group>";
		};
/* End PBXGroup section */

/* Begin PBXNativeTarget section */
		61E263BE1F2A2BBC00BECCE2 /* 01_Bubble */ = {
			isa = PBXNativeTarget;
			buildConfigurationList = 61E263D61F2A2BBC00BECCE2 /* Build configuration list for PBXNativeTarget "01_Bubble" */;
			buildPhases = (
				61E263BB1F2A2BBC00BECCE2 /* Sources */,
				61E263BC1F2A2BBC00BECCE2 /* Frameworks */,
				61E263BD1F2A2BBC00BECCE2 /* Resources */,
			);
			buildRules = (
			);
			dependencies = (
			);
			name = 01_Bubble;
			productName = 01_Bubble;
			productReference = 61E263BF1F2A2BBC00BECCE2 /* 01_Bubble.app */;
			productType = "com.apple.product-type.application";
		};
/* End PBXNativeTarget section */

/* Begin PBXProject section */
		61E263B71F2A2BBC00BECCE2 /* Project object */ = {
			isa = PBXProject;
			attributes = {
				LastUpgradeCheck = 0830;
				ORGANIZATIONNAME = MrCieong;
				TargetAttributes = {
					61E263BE1F2A2BBC00BECCE2 = {
						CreatedOnToolsVersion = 8.3.3;
						DevelopmentTeam = A2TBQ3C2HW;
						ProvisioningStyle = Automatic;
					};
				};
			};
			buildConfigurationList = 61E263BA1F2A2BBC00BECCE2 /* Build configuration list for PBXProject "01_Bubble" */;
			compatibilityVersion = "Xcode 3.2";
			developmentRegion = English;
			hasScannedForEncodings = 0;
			knownRegions = (
				en,
				Base,
			);
			mainGroup = 61E263B61F2A2BBC00BECCE2;
			productRefGroup = 61E263C01F2A2BBC00BECCE2 /* Products */;
			projectDirPath = "";
			projectRoot = "";
			targets = (
				61E263BE1F2A2BBC00BECCE2 /* 01_Bubble */,
			);
		};
/* End PBXProject section */

/* Begin PBXResourcesBuildPhase section */
		61E263BD1F2A2BBC00BECCE2 /* Resources */ = {
			isa = PBXResourcesBuildPhase;
			buildActionMask = 2147483647;
			files = (
				61E263D21F2A2BBC00BECCE2 /* LaunchScreen.storyboard in Resources */,
				61E263CF1F2A2BBC00BECCE2 /* Assets.xcassets in Resources */,
				61E263CD1F2A2BBC00BECCE2 /* Main.storyboard in Resources */,
			);
			runOnlyForDeploymentPostprocessing = 0;
		};
/* End PBXResourcesBuildPhase section */

/* Begin PBXSourcesBuildPhase section */
		61E263BB1F2A2BBC00BECCE2 /* Sources */ = {
			isa = PBXSourcesBuildPhase;
			buildActionMask = 2147483647;
			files = (
				61E263CA1F2A2BBC00BECCE2 /* ViewController.m in Sources */,
				61E263C71F2A2BBC00BECCE2 /* AppDelegate.m in Sources */,
				61E263C41F2A2BBC00BECCE2 /* main.m in Sources */,
			);
			runOnlyForDeploymentPostprocessing = 0;
		};
/* End PBXSourcesBuildPhase section */

/* Begin PBXVariantGroup section */
		61E263CB1F2A2BBC00BECCE2 /* Main.storyboard */ = {
			isa = PBXVariantGroup;
			children = (
				61E263CC1F2A2BBC00BECCE2 /* Base */,
			);
			name = Main.storyboard;
			sourceTree = "<group>";
		};
		61E263D01F2A2BBC00BECCE2 /* LaunchScreen.storyboard */ = {
			isa = PBXVariantGroup;
			children = (
				61E263D11F2A2BBC00BECCE2 /* Base */,
			);
			name = LaunchScreen.storyboard;
			sourceTree = "<group>";
		};
/* End PBXVariantGroup section */

/* Begin XCBuildConfiguration section */
		61E263D41F2A2BBC00BECCE2 /* Debug */ = {
			isa = XCBuildConfiguration;
			buildSettings = {
				ALWAYS_SEARCH_USER_PATHS = NO;
				CLANG_ANALYZER_NONNULL = YES;
				CLANG_ANALYZER_NUMBER_OBJECT_CONVERSION = YES_AGGRESSIVE;
				CLANG_CXX_LANGUAGE_STANDARD = "gnu++0x";
				CLANG_CXX_LIBRARY = "libc++";
				CLANG_ENABLE_MODULES = YES;
				CLANG_ENABLE_OBJC_ARC = YES;
				CLANG_WARN_BOOL_CONVERSION = YES;
				CLANG_WARN_CONSTANT_CONVERSION = YES;
				CLANG_WARN_DIRECT_OBJC_ISA_USAGE = YES_ERROR;
				CLANG_WARN_DOCUMENTATION_COMMENTS = YES;
				CLANG_WARN_EMPTY_BODY = YES;
				CLANG_WARN_ENUM_CONVERSION = YES;
				CLANG_WARN_INFINITE_RECURSION = YES;
				CLANG_WARN_INT_CONVERSION = YES;
				CLANG_WARN_OBJC_ROOT_CLASS = YES_ERROR;
				CLANG_WARN_SUSPICIOUS_MOVE = YES;
				CLANG_WARN_UNREACHABLE_CODE = YES;
				CLANG_WARN__DUPLICATE_METHOD_MATCH = YES;
				"CODE_SIGN_IDENTITY[sdk=iphoneos*]" = "iPhone Developer";
				COPY_PHASE_STRIP = NO;
				DEBUG_INFORMATION_FORMAT = dwarf;
				ENABLE_STRICT_OBJC_MSGSEND = YES;
				ENABLE_TESTABILITY = YES;
				GCC_C_LANGUAGE_STANDARD = gnu99;
				GCC_DYNAMIC_NO_PIC = NO;
				GCC_NO_COMMON_BLOCKS = YES;
				GCC_OPTIMIZATION_LEVEL = 0;
				GCC_PREPROCESSOR_DEFINITIONS = (
					"DEBUG=1",
					"$(inherited)",
				);
				GCC_WARN_64_TO_32_BIT_CONVERSION = YES;
				GCC_WARN_ABOUT_RETURN_TYPE = YES_ERROR;
				GCC_WARN_UNDECLARED_SELECTOR = YES;
				GCC_WARN_UNINITIALIZED_AUTOS = YES_AGGRESSIVE;
				GCC_WARN_UNUSED_FUNCTION = YES;
				GCC_WARN_UNUSED_VARIABLE = YES;
				IPHONEOS_DEPLOYMENT_TARGET = 10.3;
				MTL_ENABLE_DEBUG_INFO = YES;
				ONLY_ACTIVE_ARCH = YES;
				SDKROOT = iphoneos;
			};
			name = Debug;
		};
		61E263D51F2A2BBC00BECCE2 /* Release */ = {
			isa = XCBuildConfiguration;
			buildSettings = {
				ALWAYS_SEARCH_USER_PATHS = NO;
				CLANG_ANALYZER_NONNULL = YES;
				CLANG_ANALYZER_NUMBER_OBJECT_CONVERSION = YES_AGGRESSIVE;
				CLANG_CXX_LANGUAGE_STANDARD = "gnu++0x";
				CLANG_CXX_LIBRARY = "libc++";
				CLANG_ENABLE_MODULES = YES;
				CLANG_ENABLE_OBJC_ARC = YES;
				CLANG_WARN_BOOL_CONVERSION = YES;
				CLANG_WARN_CONSTANT_CONVERSION = YES;
				CLANG_WARN_DIRECT_OBJC_ISA_USAGE = YES_ERROR;
				CLANG_WARN_DOCUMENTATION_COMMENTS = YES;
				CLANG_WARN_EMPTY_BODY = YES;
				CLANG_WARN_ENUM_CONVERSION = YES;
				CLANG_WARN_INFINITE_RECURSION = YES;
				CLANG_WARN_INT_CONVERSION = YES;
				CLANG_WARN_OBJC_ROOT_CLASS = YES_ERROR;
				CLANG_WARN_SUSPICIOUS_MOVE = YES;
				CLANG_WARN_UNREACHABLE_CODE = YES;
				CLANG_WARN__DUPLICATE_METHOD_MATCH = YES;
				"CODE_SIGN_IDENTITY[sdk=iphoneos*]" = "iPhone Developer";
				COPY_PHASE_STRIP = NO;
				DEBUG_INFORMATION_FORMAT = "dwarf-with-dsym";
				ENABLE_NS_ASSERTIONS = NO;
				ENABLE_STRICT_OBJC_MSGSEND = YES;
				GCC_C_LANGUAGE_STANDARD = gnu99;
				GCC_NO_COMMON_BLOCKS = YES;
				GCC_WARN_64_TO_32_BIT_CONVERSION = YES;
				GCC_WARN_ABOUT_RETURN_TYPE = YES_ERROR;
				GCC_WARN_UNDECLARED_SELECTOR = YES;
				GCC_WARN_UNINITIALIZED_AUTOS = YES_AGGRESSIVE;
				GCC_WARN_UNUSED_FUNCTION = YES;
				GCC_WARN_UNUSED_VARIABLE = YES;
				IPHONEOS_DEPLOYMENT_TARGET = 10.3;
				MTL_ENABLE_DEBUG_INFO = NO;
				SDKROOT = iphoneos;
				VALIDATE_PRODUCT = YES;
			};
			name = Release;
		};
		61E263D71F2A2BBC00BECCE2 /* Debug */ = {
			isa = XCBuildConfiguration;
			buildSettings = {
				ASSETCATALOG_COMPILER_APPICON_NAME = AppIcon;
				DEVELOPMENT_TEAM = A2TBQ3C2HW;
				INFOPLIST_FILE = 01_Bubble/Info.plist;
				LD_RUNPATH_SEARCH_PATHS = "$(inherited) @executable_path/Frameworks";
				PRODUCT_BUNDLE_IDENTIFIER = "io.github.MrCieong.-1-Bubble";
				PRODUCT_NAME = "$(TARGET_NAME)";
			};
			name = Debug;
		};
		61E263D81F2A2BBC00BECCE2 /* Release */ = {
			isa = XCBuildConfiguration;
			buildSettings = {
				ASSETCATALOG_COMPILER_APPICON_NAME = AppIcon;
				DEVELOPMENT_TEAM = A2TBQ3C2HW;
				INFOPLIST_FILE = 01_Bubble/Info.plist;
				LD_RUNPATH_SEARCH_PATHS = "$(inherited) @executable_path/Frameworks";
				PRODUCT_BUNDLE_IDENTIFIER = "io.github.MrCieong.-1-Bubble";
				PRODUCT_NAME = "$(TARGET_NAME)";
			};
			name = Release;
		};
/* End XCBuildConfiguration section */

/* Begin XCConfigurationList section */
		61E263BA1F2A2BBC00BECCE2 /* Build configuration list for PBXProject "01_Bubble" */ = {
			isa = XCConfigurationList;
			buildConfigurations = (
				61E263D41F2A2BBC00BECCE2 /* Debug */,
				61E263D51F2A2BBC00BECCE2 /* Release */,
			);
			defaultConfigurationIsVisible = 0;
			defaultConfigurationName = Release;
		};
		61E263D61F2A2BBC00BECCE2 /* Build configuration list for PBXNativeTarget "01_Bubble" */ = {
			isa = XCConfigurationList;
			buildConfigurations = (
				61E263D71F2A2BBC00BECCE2 /* Debug */,
				61E263D81F2A2BBC00BECCE2 /* Release */,
			);
			defaultConfigurationIsVisible = 0;
		};
/* End XCConfigurationList section */
	};
	rootObject = 61E263B71F2A2BBC00BECCE2 /* Project object */;
}
